
Microsoft Visual Studio Solution File, Format Version 12.00
# Visual Studio 15
VisualStudioVersion = 15.0.28307.329
MinimumVisualStudioVersion = 10.0.40219.1
Project("{FAE04EC0-301F-11D3-BF4B-00C04F79EFBC}") = "Esep1", "Esep1.csproj", "{1CF6EAB3-868D-41AB-B1B0-609992297025}"
EndProject
Global
	GlobalSection(SolutionConfigurationPlatforms) = preSolution
		Debug|Any CPU = Debug|Any CPU
		Release|Any CPU = Release|Any CPU
	EndGlobalSection
	GlobalSection(ProjectConfigurationPlatforms) = postSolution
		{1CF6EAB3-868D-41AB-B1B0-609992297025}.Debug|Any CPU.ActiveCfg = Debug|Any CPU
		{1CF6EAB3-868D-41AB-B1B0-609992297025}.Debug|Any CPU.Build.0 = Debug|Any CPU
		{1CF6EAB3-868D-41AB-B1B0-609992297025}.Release|Any CPU.ActiveCfg = Release|Any CPU
		{1CF6EAB3-868D-41AB-B1B0-609992297025}.Release|Any CPU.Build.0 = Release|Any CPU
	EndGlobalSection
	GlobalSection(SolutionProperties) = preSolution
		HideSolutionNode = FALSE
	EndGlobalSection
	GlobalSection(ExtensibilityGlobals) = postSolution
		SolutionGuid = {37C5D194-E7D6-465D-A744-DAFE130C1BB7}
	EndGlobalSection
EndGlobal
