
Microsoft Visual Studio Solution File, Format Version 12.00
# Visual Studio 15
VisualStudioVersion = 15.0.28307.329
MinimumVisualStudioVersion = 10.0.40219.1
Project("{FAE04EC0-301F-11D3-BF4B-00C04F79EFBC}") = "Task 3", "Task 3\Task 3.csproj", "{738733DA-D88A-435E-B2F7-781F23D4DF00}"
EndProject
Global
	GlobalSection(SolutionConfigurationPlatforms) = preSolution
		Debug|Any CPU = Debug|Any CPU
		Release|Any CPU = Release|Any CPU
	EndGlobalSection
	GlobalSection(ProjectConfigurationPlatforms) = postSolution
		{738733DA-D88A-435E-B2F7-781F23D4DF00}.Debug|Any CPU.ActiveCfg = Debug|Any CPU
		{738733DA-D88A-435E-B2F7-781F23D4DF00}.Debug|Any CPU.Build.0 = Debug|Any CPU
		{738733DA-D88A-435E-B2F7-781F23D4DF00}.Release|Any CPU.ActiveCfg = Release|Any CPU
		{738733DA-D88A-435E-B2F7-781F23D4DF00}.Release|Any CPU.Build.0 = Release|Any CPU
	EndGlobalSection
	GlobalSection(SolutionProperties) = preSolution
		HideSolutionNode = FALSE
	EndGlobalSection
	GlobalSection(ExtensibilityGlobals) = postSolution
		SolutionGuid = {B1384987-C3BD-415E-9CD9-B43AE6B99F01}
	EndGlobalSection
EndGlobal
