
Microsoft Visual Studio Solution File, Format Version 12.00
# Visual Studio 15
VisualStudioVersion = 15.0.28307.329
MinimumVisualStudioVersion = 10.0.40219.1
Project("{FAE04EC0-301F-11D3-BF4B-00C04F79EFBC}") = "example q", "ConsoleApp1\example q.csproj", "{C04408C2-EDA2-43EF-A182-2032F7A174E5}"
EndProject
Global
	GlobalSection(SolutionConfigurationPlatforms) = preSolution
		Debug|Any CPU = Debug|Any CPU
		Release|Any CPU = Release|Any CPU
	EndGlobalSection
	GlobalSection(ProjectConfigurationPlatforms) = postSolution
		{C04408C2-EDA2-43EF-A182-2032F7A174E5}.Debug|Any CPU.ActiveCfg = Debug|Any CPU
		{C04408C2-EDA2-43EF-A182-2032F7A174E5}.Debug|Any CPU.Build.0 = Debug|Any CPU
		{C04408C2-EDA2-43EF-A182-2032F7A174E5}.Release|Any CPU.ActiveCfg = Release|Any CPU
		{C04408C2-EDA2-43EF-A182-2032F7A174E5}.Release|Any CPU.Build.0 = Release|Any CPU
	EndGlobalSection
	GlobalSection(SolutionProperties) = preSolution
		HideSolutionNode = FALSE
	EndGlobalSection
	GlobalSection(ExtensibilityGlobals) = postSolution
		SolutionGuid = {C5D005AA-7C40-43D9-AC54-EED3849274F8}
	EndGlobalSection
EndGlobal
