
Microsoft Visual Studio Solution File, Format Version 12.00
# Visual Studio 15
VisualStudioVersion = 15.0.28307.329
MinimumVisualStudioVersion = 10.0.40219.1
Project("{FAE04EC0-301F-11D3-BF4B-00C04F79EFBC}") = "Esep 4", "Esep 4.csproj", "{D765904D-B618-43EE-84E1-DC2A531A60B8}"
EndProject
Global
	GlobalSection(SolutionConfigurationPlatforms) = preSolution
		Debug|Any CPU = Debug|Any CPU
		Release|Any CPU = Release|Any CPU
	EndGlobalSection
	GlobalSection(ProjectConfigurationPlatforms) = postSolution
		{D765904D-B618-43EE-84E1-DC2A531A60B8}.Debug|Any CPU.ActiveCfg = Debug|Any CPU
		{D765904D-B618-43EE-84E1-DC2A531A60B8}.Debug|Any CPU.Build.0 = Debug|Any CPU
		{D765904D-B618-43EE-84E1-DC2A531A60B8}.Release|Any CPU.ActiveCfg = Release|Any CPU
		{D765904D-B618-43EE-84E1-DC2A531A60B8}.Release|Any CPU.Build.0 = Release|Any CPU
	EndGlobalSection
	GlobalSection(SolutionProperties) = preSolution
		HideSolutionNode = FALSE
	EndGlobalSection
	GlobalSection(ExtensibilityGlobals) = postSolution
		SolutionGuid = {8174468E-B3BD-4F04-A0D0-99CF985D935C}
	EndGlobalSection
EndGlobal
